
Microsoft Visual Studio Solution File, Format Version 12.00
# Visual Studio 15
VisualStudioVersion = 15.0.28010.2026
MinimumVisualStudioVersion = 10.0.40219.1
Project("{FAE04EC0-301F-11D3-BF4B-00C04F79EFBC}") = "Testris", "Testris\Testris.csproj", "{120FBA0C-3B5A-4636-A5DF-5F8CF11A6845}"
EndProject
Global
	GlobalSection(SolutionConfigurationPlatforms) = preSolution
		Debug|Any CPU = Debug|Any CPU
		Release|Any CPU = Release|Any CPU
	EndGlobalSection
	GlobalSection(ProjectConfigurationPlatforms) = postSolution
		{120FBA0C-3B5A-4636-A5DF-5F8CF11A6845}.Debug|Any CPU.ActiveCfg = Debug|Any CPU
		{120FBA0C-3B5A-4636-A5DF-5F8CF11A6845}.Debug|Any CPU.Build.0 = Debug|Any CPU
		{120FBA0C-3B5A-4636-A5DF-5F8CF11A6845}.Release|Any CPU.ActiveCfg = Release|Any CPU
		{120FBA0C-3B5A-4636-A5DF-5F8CF11A6845}.Release|Any CPU.Build.0 = Release|Any CPU
	EndGlobalSection
	GlobalSection(SolutionProperties) = preSolution
		HideSolutionNode = FALSE
	EndGlobalSection
	GlobalSection(ExtensibilityGlobals) = postSolution
		SolutionGuid = {A1C00D0F-EF72-448A-B54D-45802DFA9E20}
	EndGlobalSection
EndGlobal
